github.com/gregoryv/asserter v0.4.0 h1:UkV6xSFVb/wvEidJ40Gt6WPSto/ODbtGOKWJ+uVTbZI=
github.com/gregoryv/asserter v0.4.0/go.mod h1:WjMhNLh0zjyvgOQpWWx8Om0n7jlgMzTn7qgKhJeH8ew=
github.com/gregoryv/find v0.0.0-20180328085109-1bbc2d70c482 h1:vNaLR+zpGH8Z49Wx8Q1AMOIfD59QAmjtV/43PkvHwlk=
github.com/gregoryv/find v0.0.0-20180328085109-1bbc2d70c482/go.mod h1:/xxQlO62bzxhyabf2iKJzGJa+VAJy25spLI/6ICTrxU=
github.com/gregoryv/gocyclo v0.0.0-20180305144948-0be7902fabdc h1:chhF7lRELMFmxWl3AWbZ2UT1xQtN9nqFGyhL3jwGWDs=
github.com/gregoryv/gocyclo v0.0.0-20180305144948-0be7902fabdc/go.mod h1:x/QA8cT1gfn/XriQ/CVNX7I8IM4Z2YJAAEWFym2clZI=
github.com/gregoryv/nexus v0.6.0 h1:d53Ug7bIWyJqxKnd2c9n3qPpYunwglq9cmNNzNJewFY=
github.com/gregoryv/nexus v0.6.0/go.mod h1:DJ2Ia6WpPX26edFW6LCl+9nYyX2h6Ot/kyJ83J+SAL0=
github.com/gregoryv/qual v0.2.1 h1:RglA7rcs51YjVe0IkuXGbWtsaClu8kFuv+llt9LAyeE=
github.com/gregoryv/qual v0.2.1/go.mod h1:5M5kejbZgxtswBGeoXC1yh4CP94W3FFv5o60BflBlnY=
